
Microsoft Visual Studio Solution File, Format Version 12.00
# Visual Studio Version 17
VisualStudioVersion = 17.7.34202.233
MinimumVisualStudioVersion = 10.0.40219.1
Project("{FAE04EC0-301F-11D3-BF4B-00C04F79EFBC}") = "Kursovaya", "Kursovaya.csproj", "{E359FA1E-17C7-416C-8BE6-B6B55717000D}"
EndProject
Global
	GlobalSection(SolutionConfigurationPlatforms) = preSolution
		Debug|Any CPU = Debug|Any CPU
		Release|Any CPU = Release|Any CPU
	EndGlobalSection
	GlobalSection(ProjectConfigurationPlatforms) = postSolution
		{E359FA1E-17C7-416C-8BE6-B6B55717000D}.Debug|Any CPU.ActiveCfg = Debug|Any CPU
		{E359FA1E-17C7-416C-8BE6-B6B55717000D}.Debug|Any CPU.Build.0 = Debug|Any CPU
		{E359FA1E-17C7-416C-8BE6-B6B55717000D}.Release|Any CPU.ActiveCfg = Release|Any CPU
		{E359FA1E-17C7-416C-8BE6-B6B55717000D}.Release|Any CPU.Build.0 = Release|Any CPU
	EndGlobalSection
	GlobalSection(SolutionProperties) = preSolution
		HideSolutionNode = FALSE
	EndGlobalSection
	GlobalSection(ExtensibilityGlobals) = postSolution
		SolutionGuid = {23F97843-23B2-4C3D-A7B0-F4E1FA38E4CB}
	EndGlobalSection
EndGlobal
